<?xml version="1.0" encoding="UTF-8" standalone="yes" ?>
<CodeBlocks_project_file>
	<FileVersion major="1" minor="6" />
	<Project>
		<Option title="IzpitExample" />
		<Option pch_mode="2" />
		<Option compiler="gcc" />
		<Build>
			<Target title="Debug">
				<Option output="bin/Debug/IzpitExample" prefix_auto="1" extension_auto="1" />
				<Option object_output="obj/Debug/" />
				<Option type="1" />
				<Option compiler="gcc" />
				<Compiler>
					<Add option="-g" />
				</Compiler>
			</Target>
			<Target title="Release">
				<Option output="bin/Release/IzpitExample" prefix_auto="1" extension_auto="1" />
				<Option object_output="obj/Release/" />
				<Option type="1" />
				<Option compiler="gcc" />
				<Compiler>
					<Add option="-O2" />
				</Compiler>
				<Linker>
					<Add option="-s" />
				</Linker>
			</Target>
		</Build>
		<Compiler>
			<Add option="-Wall" />
			<Add option="-fexceptions" />
		</Compiler>
		<Unit filename="Author.cpp" />
		<Unit filename="Author.h" />
		<Unit filename="Authour.h" />
		<Unit filename="Book.cpp" />
		<Unit filename="Book.h" />
		<Unit filename="Genre.cpp" />
		<Unit filename="Genre.h" />
		<Unit filename="IzpitExample.depend" />
		<Unit filename="IzpitExample.layout" />
		<Unit filename="Library.cpp" />
		<Unit filename="Library.h" />
		<Unit filename="bin/Debug/IzpitExample" />
		<Unit filename="main.cpp" />
		<Unit filename="obj/Debug/Author.o" />
		<Unit filename="obj/Debug/Book.o" />
		<Unit filename="obj/Debug/Genre.o" />
		<Unit filename="obj/Debug/Library.o" />
		<Unit filename="obj/Debug/main.o" />
		<Extensions />
	</Project>
</CodeBlocks_project_file>
